
Microsoft Visual Studio Solution File, Format Version 12.00
# Visual Studio Version 17
VisualStudioVersion = 17.8.34309.116
MinimumVisualStudioVersion = 10.0.40219.1
Project("{9A19103F-16F7-4668-BE54-9A1E7A4F7556}") = "_2023_11_22", "_2023_11_22\_2023_11_22.csproj", "{33877B78-C7FB-43F0-95A8-0069EF63BB34}"
EndProject
Project("{9A19103F-16F7-4668-BE54-9A1E7A4F7556}") = "_2023_11_23", "_2023_11_23\_2023_11_23.csproj", "{AFD73D69-54B4-4906-B184-758FF85826A5}"
EndProject
Project("{9A19103F-16F7-4668-BE54-9A1E7A4F7556}") = "_2023_11_27", "_2023_11_27\_2023_11_27.csproj", "{69D6D0C5-B8EE-4210-9A73-F0F7D2A62451}"
EndProject
Project("{9A19103F-16F7-4668-BE54-9A1E7A4F7556}") = "_2023_11_28", "_2023_11_18\_2023_11_28.csproj", "{21FE100E-58F7-4CD9-9B88-F6DCF7D4C452}"
EndProject
Project("{9A19103F-16F7-4668-BE54-9A1E7A4F7556}") = "_2023_11_29", "_2023_11_29\_2023_11_29.csproj", "{395500E7-1749-4D62-887E-9B2E3CDAC769}"
EndProject
Project("{9A19103F-16F7-4668-BE54-9A1E7A4F7556}") = "_2023_11_30", "_2023_11_30\_2023_11_30.csproj", "{566387BE-79B1-414B-93DE-2210D35D1C0F}"
EndProject
Project("{9A19103F-16F7-4668-BE54-9A1E7A4F7556}") = "_2023_12_04", "_2023_12_04\_2023_12_04.csproj", "{918F39DA-3636-4B31-8460-F751E4015EB4}"
EndProject
Project("{FAE04EC0-301F-11D3-BF4B-00C04F79EFBC}") = "_2023_12_05", "_2023_12_05\_2023_12_05.csproj", "{68729DF1-2C75-4440-BB39-E520DB70FC11}"
EndProject
Global
	GlobalSection(SolutionConfigurationPlatforms) = preSolution
		Debug|Any CPU = Debug|Any CPU
		Release|Any CPU = Release|Any CPU
	EndGlobalSection
	GlobalSection(ProjectConfigurationPlatforms) = postSolution
		{33877B78-C7FB-43F0-95A8-0069EF63BB34}.Debug|Any CPU.ActiveCfg = Debug|Any CPU
		{33877B78-C7FB-43F0-95A8-0069EF63BB34}.Debug|Any CPU.Build.0 = Debug|Any CPU
		{33877B78-C7FB-43F0-95A8-0069EF63BB34}.Release|Any CPU.ActiveCfg = Release|Any CPU
		{33877B78-C7FB-43F0-95A8-0069EF63BB34}.Release|Any CPU.Build.0 = Release|Any CPU
		{AFD73D69-54B4-4906-B184-758FF85826A5}.Debug|Any CPU.ActiveCfg = Debug|Any CPU
		{AFD73D69-54B4-4906-B184-758FF85826A5}.Debug|Any CPU.Build.0 = Debug|Any CPU
		{AFD73D69-54B4-4906-B184-758FF85826A5}.Release|Any CPU.ActiveCfg = Release|Any CPU
		{AFD73D69-54B4-4906-B184-758FF85826A5}.Release|Any CPU.Build.0 = Release|Any CPU
		{69D6D0C5-B8EE-4210-9A73-F0F7D2A62451}.Debug|Any CPU.ActiveCfg = Debug|Any CPU
		{69D6D0C5-B8EE-4210-9A73-F0F7D2A62451}.Debug|Any CPU.Build.0 = Debug|Any CPU
		{69D6D0C5-B8EE-4210-9A73-F0F7D2A62451}.Release|Any CPU.ActiveCfg = Release|Any CPU
		{69D6D0C5-B8EE-4210-9A73-F0F7D2A62451}.Release|Any CPU.Build.0 = Release|Any CPU
		{21FE100E-58F7-4CD9-9B88-F6DCF7D4C452}.Debug|Any CPU.ActiveCfg = Debug|Any CPU
		{21FE100E-58F7-4CD9-9B88-F6DCF7D4C452}.Debug|Any CPU.Build.0 = Debug|Any CPU
		{21FE100E-58F7-4CD9-9B88-F6DCF7D4C452}.Release|Any CPU.ActiveCfg = Release|Any CPU
		{21FE100E-58F7-4CD9-9B88-F6DCF7D4C452}.Release|Any CPU.Build.0 = Release|Any CPU
		{395500E7-1749-4D62-887E-9B2E3CDAC769}.Debug|Any CPU.ActiveCfg = Debug|Any CPU
		{395500E7-1749-4D62-887E-9B2E3CDAC769}.Debug|Any CPU.Build.0 = Debug|Any CPU
		{395500E7-1749-4D62-887E-9B2E3CDAC769}.Release|Any CPU.ActiveCfg = Release|Any CPU
		{395500E7-1749-4D62-887E-9B2E3CDAC769}.Release|Any CPU.Build.0 = Release|Any CPU
		{566387BE-79B1-414B-93DE-2210D35D1C0F}.Debug|Any CPU.ActiveCfg = Debug|Any CPU
		{566387BE-79B1-414B-93DE-2210D35D1C0F}.Debug|Any CPU.Build.0 = Debug|Any CPU
		{566387BE-79B1-414B-93DE-2210D35D1C0F}.Release|Any CPU.ActiveCfg = Release|Any CPU
		{566387BE-79B1-414B-93DE-2210D35D1C0F}.Release|Any CPU.Build.0 = Release|Any CPU
		{918F39DA-3636-4B31-8460-F751E4015EB4}.Debug|Any CPU.ActiveCfg = Debug|Any CPU
		{918F39DA-3636-4B31-8460-F751E4015EB4}.Debug|Any CPU.Build.0 = Debug|Any CPU
		{918F39DA-3636-4B31-8460-F751E4015EB4}.Release|Any CPU.ActiveCfg = Release|Any CPU
		{918F39DA-3636-4B31-8460-F751E4015EB4}.Release|Any CPU.Build.0 = Release|Any CPU
		{68729DF1-2C75-4440-BB39-E520DB70FC11}.Debug|Any CPU.ActiveCfg = Debug|Any CPU
		{68729DF1-2C75-4440-BB39-E520DB70FC11}.Debug|Any CPU.Build.0 = Debug|Any CPU
		{68729DF1-2C75-4440-BB39-E520DB70FC11}.Release|Any CPU.ActiveCfg = Release|Any CPU
		{68729DF1-2C75-4440-BB39-E520DB70FC11}.Release|Any CPU.Build.0 = Release|Any CPU
	EndGlobalSection
	GlobalSection(SolutionProperties) = preSolution
		HideSolutionNode = FALSE
	EndGlobalSection
	GlobalSection(ExtensibilityGlobals) = postSolution
		SolutionGuid = {58B515BA-DD33-45D3-A509-260A2B646A97}
	EndGlobalSection
EndGlobal
