
Microsoft Visual Studio Solution File, Format Version 12.00
# Visual Studio Version 17
VisualStudioVersion = 17.8.34309.116
MinimumVisualStudioVersion = 10.0.40219.1
Project("{9A19103F-16F7-4668-BE54-9A1E7A4F7556}") = "_2023_11_22", "_2023_11_22\_2023_11_22.csproj", "{33877B78-C7FB-43F0-95A8-0069EF63BB34}"
EndProject
Project("{FAE04EC0-301F-11D3-BF4B-00C04F79EFBC}") = "_2023_11_23", "_2023_11_23\_2023_11_23.csproj", "{AFD73D69-54B4-4906-B184-758FF85826A5}"
EndProject
Global
	GlobalSection(SolutionConfigurationPlatforms) = preSolution
		Debug|Any CPU = Debug|Any CPU
		Release|Any CPU = Release|Any CPU
	EndGlobalSection
	GlobalSection(ProjectConfigurationPlatforms) = postSolution
		{33877B78-C7FB-43F0-95A8-0069EF63BB34}.Debug|Any CPU.ActiveCfg = Debug|Any CPU
		{33877B78-C7FB-43F0-95A8-0069EF63BB34}.Debug|Any CPU.Build.0 = Debug|Any CPU
		{33877B78-C7FB-43F0-95A8-0069EF63BB34}.Release|Any CPU.ActiveCfg = Release|Any CPU
		{33877B78-C7FB-43F0-95A8-0069EF63BB34}.Release|Any CPU.Build.0 = Release|Any CPU
		{AFD73D69-54B4-4906-B184-758FF85826A5}.Debug|Any CPU.ActiveCfg = Debug|Any CPU
		{AFD73D69-54B4-4906-B184-758FF85826A5}.Debug|Any CPU.Build.0 = Debug|Any CPU
		{AFD73D69-54B4-4906-B184-758FF85826A5}.Release|Any CPU.ActiveCfg = Release|Any CPU
		{AFD73D69-54B4-4906-B184-758FF85826A5}.Release|Any CPU.Build.0 = Release|Any CPU
	EndGlobalSection
	GlobalSection(SolutionProperties) = preSolution
		HideSolutionNode = FALSE
	EndGlobalSection
	GlobalSection(ExtensibilityGlobals) = postSolution
		SolutionGuid = {58B515BA-DD33-45D3-A509-260A2B646A97}
	EndGlobalSection
EndGlobal
